
Microsoft Visual Studio Solution File, Format Version 12.00
# Visual Studio Version 17
VisualStudioVersion = 17.14.36511.14 d17.14
MinimumVisualStudioVersion = 10.0.40219.1
Project("{FAE04EC0-301F-11D3-BF4B-00C04F79EFBC}") = "Tangcarf Project", "Tangcarf Project\Tangcarf Project.csproj", "{8584DA3A-F61E-42E4-BE20-899D05F88864}"
EndProject
Global
	GlobalSection(SolutionConfigurationPlatforms) = preSolution
		Debug|Any CPU = Debug|Any CPU
		Release|Any CPU = Release|Any CPU
	EndGlobalSection
	GlobalSection(ProjectConfigurationPlatforms) = postSolution
		{8584DA3A-F61E-42E4-BE20-899D05F88864}.Debug|Any CPU.ActiveCfg = Debug|Any CPU
		{8584DA3A-F61E-42E4-BE20-899D05F88864}.Debug|Any CPU.Build.0 = Debug|Any CPU
		{8584DA3A-F61E-42E4-BE20-899D05F88864}.Release|Any CPU.ActiveCfg = Release|Any CPU
		{8584DA3A-F61E-42E4-BE20-899D05F88864}.Release|Any CPU.Build.0 = Release|Any CPU
	EndGlobalSection
	GlobalSection(SolutionProperties) = preSolution
		HideSolutionNode = FALSE
	EndGlobalSection
	GlobalSection(ExtensibilityGlobals) = postSolution
		SolutionGuid = {9F5C26BF-885C-4520-8F32-C11B72775A99}
	EndGlobalSection
EndGlobal
